// !$*UTF8*$!
{
	archiveVersion = 1;
	classes = {
	};
	objectVersion = 46;
	objects = {

/* Begin PBXBuildFile section */
		BEB11F721AA64EAD0079C277 /* AppDelegate.m in Sources */ = {isa = PBXBuildFile; fileRef = BEB11F711AA64EAD0079C277 /* AppDelegate.m */; };
		BEB11F741AA64EAD0079C277 /* main.m in Sources */ = {isa = PBXBuildFile; fileRef = BEB11F731AA64EAD0079C277 /* main.m */; };
		BEB11F761AA64EAD0079C277 /* Images.xcassets in Resources */ = {isa = PBXBuildFile; fileRef = BEB11F751AA64EAD0079C277 /* Images.xcassets */; };
		BEB11F791AA64EAD0079C277 /* MainMenu.xib in Resources */ = {isa = PBXBuildFile; fileRef = BEB11F771AA64EAD0079C277 /* MainMenu.xib */; };
		BEB11F8F1AA64F8B0079C277 /* ReactiveCocoa.framework in Frameworks */ = {isa = PBXBuildFile; fileRef = E80FCD7D1A22A39B006567BD /* ReactiveCocoa.framework */; };
		BEB11F901AA652DB0079C277 /* RACStream+Lenses.m in Sources */ = {isa = PBXBuildFile; fileRef = E85615F41A2668AB003FD178 /* RACStream+Lenses.m */; };
		BEB11F941AA6554E0079C277 /* ObjCLenses.framework in Frameworks */ = {isa = PBXBuildFile; fileRef = BEB11F931AA6554E0079C277 /* ObjCLenses.framework */; };
		BEB11FA11AA655BF0079C277 /* ReactiveCocoa.framework in CopyFiles */ = {isa = PBXBuildFile; fileRef = E80FCD7D1A22A39B006567BD /* ReactiveCocoa.framework */; settings = {ATTRIBUTES = (CodeSignOnCopy, RemoveHeadersOnCopy, ); }; };
		BEB11FA21AA655C20079C277 /* ObjCLenses.framework in CopyFiles */ = {isa = PBXBuildFile; fileRef = BEB11F931AA6554E0079C277 /* ObjCLenses.framework */; settings = {ATTRIBUTES = (CodeSignOnCopy, RemoveHeadersOnCopy, ); }; };
		E80FCD5B1A229C11006567BD /* RACLenses.h in Headers */ = {isa = PBXBuildFile; fileRef = E80FCD5A1A229C11006567BD /* RACLenses.h */; settings = {ATTRIBUTES = (Public, ); }; };
		E80FCD7E1A22A39B006567BD /* ReactiveCocoa.framework in Frameworks */ = {isa = PBXBuildFile; fileRef = E80FCD7D1A22A39B006567BD /* ReactiveCocoa.framework */; };
		E85615F51A2668AB003FD178 /* RACStream+Lenses.h in Headers */ = {isa = PBXBuildFile; fileRef = E85615F31A2668AB003FD178 /* RACStream+Lenses.h */; settings = {ATTRIBUTES = (Public, ); }; };
		E85615F61A2668AB003FD178 /* RACStream+Lenses.m in Sources */ = {isa = PBXBuildFile; fileRef = E85615F41A2668AB003FD178 /* RACStream+Lenses.m */; };
/* End PBXBuildFile section */

/* Begin PBXCopyFilesBuildPhase section */
		BEB11FA01AA655B30079C277 /* CopyFiles */ = {
			isa = PBXCopyFilesBuildPhase;
			buildActionMask = 2147483647;
			dstPath = "";
			dstSubfolderSpec = 10;
			files = (
				BEB11FA21AA655C20079C277 /* ObjCLenses.framework in CopyFiles */,
				BEB11FA11AA655BF0079C277 /* ReactiveCocoa.framework in CopyFiles */,
			);
			runOnlyForDeploymentPostprocessing = 0;
		};
/* End PBXCopyFilesBuildPhase section */

/* Begin PBXFileReference section */
		BEB11F6C1AA64EAD0079C277 /* RACLensesDemo.app */ = {isa = PBXFileReference; explicitFileType = wrapper.application; includeInIndex = 0; path = RACLensesDemo.app; sourceTree = BUILT_PRODUCTS_DIR; };
		BEB11F6F1AA64EAD0079C277 /* Info.plist */ = {isa = PBXFileReference; lastKnownFileType = text.plist.xml; path = Info.plist; sourceTree = "<group>"; };
		BEB11F701AA64EAD0079C277 /* AppDelegate.h */ = {isa = PBXFileReference; lastKnownFileType = sourcecode.c.h; path = AppDelegate.h; sourceTree = "<group>"; };
		BEB11F711AA64EAD0079C277 /* AppDelegate.m */ = {isa = PBXFileReference; lastKnownFileType = sourcecode.c.objc; path = AppDelegate.m; sourceTree = "<group>"; };
		BEB11F731AA64EAD0079C277 /* main.m */ = {isa = PBXFileReference; lastKnownFileType = sourcecode.c.objc; path = main.m; sourceTree = "<group>"; };
		BEB11F751AA64EAD0079C277 /* Images.xcassets */ = {isa = PBXFileReference; lastKnownFileType = folder.assetcatalog; path = Images.xcassets; sourceTree = "<group>"; };
		BEB11F781AA64EAD0079C277 /* Base */ = {isa = PBXFileReference; lastKnownFileType = file.xib; name = Base; path = Base.lproj/MainMenu.xib; sourceTree = "<group>"; };
		BEB11F931AA6554E0079C277 /* ObjCLenses.framework */ = {isa = PBXFileReference; lastKnownFileType = wrapper.framework; name = ObjCLenses.framework; path = "../../../../Library/Developer/Xcode/DerivedData/ObjCLenses-hamhfvpcxuttytdjzpseosodncop/Build/Products/Debug/ObjCLenses.framework"; sourceTree = "<group>"; };
		E80FCD551A229C11006567BD /* RACLenses.framework */ = {isa = PBXFileReference; explicitFileType = wrapper.framework; includeInIndex = 0; path = RACLenses.framework; sourceTree = BUILT_PRODUCTS_DIR; };
		E80FCD591A229C11006567BD /* Info.plist */ = {isa = PBXFileReference; lastKnownFileType = text.plist.xml; path = Info.plist; sourceTree = "<group>"; };
		E80FCD5A1A229C11006567BD /* RACLenses.h */ = {isa = PBXFileReference; lastKnownFileType = sourcecode.c.h; path = RACLenses.h; sourceTree = "<group>"; };
		E80FCD7D1A22A39B006567BD /* ReactiveCocoa.framework */ = {isa = PBXFileReference; lastKnownFileType = wrapper.framework; path = ReactiveCocoa.framework; sourceTree = "<group>"; };
		E85615F31A2668AB003FD178 /* RACStream+Lenses.h */ = {isa = PBXFileReference; fileEncoding = 4; lastKnownFileType = sourcecode.c.h; path = "RACStream+Lenses.h"; sourceTree = "<group>"; };
		E85615F41A2668AB003FD178 /* RACStream+Lenses.m */ = {isa = PBXFileReference; fileEncoding = 4; lastKnownFileType = sourcecode.c.objc; path = "RACStream+Lenses.m"; sourceTree = "<group>"; };
/* End PBXFileReference section */

/* Begin PBXFrameworksBuildPhase section */
		BEB11F691AA64EAD0079C277 /* Frameworks */ = {
			isa = PBXFrameworksBuildPhase;
			buildActionMask = 2147483647;
			files = (
				BEB11F941AA6554E0079C277 /* ObjCLenses.framework in Frameworks */,
				BEB11F8F1AA64F8B0079C277 /* ReactiveCocoa.framework in Frameworks */,
			);
			runOnlyForDeploymentPostprocessing = 0;
		};
		E80FCD511A229C11006567BD /* Frameworks */ = {
			isa = PBXFrameworksBuildPhase;
			buildActionMask = 2147483647;
			files = (
				E80FCD7E1A22A39B006567BD /* ReactiveCocoa.framework in Frameworks */,
			);
			runOnlyForDeploymentPostprocessing = 0;
		};
/* End PBXFrameworksBuildPhase section */

/* Begin PBXGroup section */
		BEB11F6D1AA64EAD0079C277 /* RACLensesDemo */ = {
			isa = PBXGroup;
			children = (
				BEB11F701AA64EAD0079C277 /* AppDelegate.h */,
				BEB11F711AA64EAD0079C277 /* AppDelegate.m */,
				BEB11F751AA64EAD0079C277 /* Images.xcassets */,
				BEB11F771AA64EAD0079C277 /* MainMenu.xib */,
				BEB11F6E1AA64EAD0079C277 /* Supporting Files */,
			);
			path = RACLensesDemo;
			sourceTree = "<group>";
		};
		BEB11F6E1AA64EAD0079C277 /* Supporting Files */ = {
			isa = PBXGroup;
			children = (
				BEB11F6F1AA64EAD0079C277 /* Info.plist */,
				BEB11F731AA64EAD0079C277 /* main.m */,
			);
			name = "Supporting Files";
			sourceTree = "<group>";
		};
		E80FCD4B1A229C11006567BD = {
			isa = PBXGroup;
			children = (
				BEB11F931AA6554E0079C277 /* ObjCLenses.framework */,
				E80FCD7C1A22A39B006567BD /* External */,
				E80FCD571A229C11006567BD /* RACLenses */,
				BEB11F6D1AA64EAD0079C277 /* RACLensesDemo */,
				E80FCD561A229C11006567BD /* Products */,
			);
			sourceTree = "<group>";
		};
		E80FCD561A229C11006567BD /* Products */ = {
			isa = PBXGroup;
			children = (
				E80FCD551A229C11006567BD /* RACLenses.framework */,
				BEB11F6C1AA64EAD0079C277 /* RACLensesDemo.app */,
			);
			name = Products;
			sourceTree = "<group>";
		};
		E80FCD571A229C11006567BD /* RACLenses */ = {
			isa = PBXGroup;
			children = (
				E85615F31A2668AB003FD178 /* RACStream+Lenses.h */,
				E85615F41A2668AB003FD178 /* RACStream+Lenses.m */,
				E80FCD5A1A229C11006567BD /* RACLenses.h */,
				E80FCD581A229C11006567BD /* Supporting Files */,
			);
			path = RACLenses;
			sourceTree = "<group>";
		};
		E80FCD581A229C11006567BD /* Supporting Files */ = {
			isa = PBXGroup;
			children = (
				E80FCD591A229C11006567BD /* Info.plist */,
			);
			name = "Supporting Files";
			sourceTree = "<group>";
		};
		E80FCD7C1A22A39B006567BD /* External */ = {
			isa = PBXGroup;
			children = (
				E80FCD7D1A22A39B006567BD /* ReactiveCocoa.framework */,
			);
			name = External;
			path = ../External;
			sourceTree = "<group>";
		};
/* End PBXGroup section */

/* Begin PBXHeadersBuildPhase section */
		E80FCD521A229C11006567BD /* Headers */ = {
			isa = PBXHeadersBuildPhase;
			buildActionMask = 2147483647;
			files = (
				E80FCD5B1A229C11006567BD /* RACLenses.h in Headers */,
				E85615F51A2668AB003FD178 /* RACStream+Lenses.h in Headers */,
			);
			runOnlyForDeploymentPostprocessing = 0;
		};
/* End PBXHeadersBuildPhase section */

/* Begin PBXNativeTarget section */
		BEB11F6B1AA64EAD0079C277 /* RACLensesDemo */ = {
			isa = PBXNativeTarget;
			buildConfigurationList = BEB11F861AA64EAD0079C277 /* Build configuration list for PBXNativeTarget "RACLensesDemo" */;
			buildPhases = (
				BEB11F681AA64EAD0079C277 /* Sources */,
				BEB11F691AA64EAD0079C277 /* Frameworks */,
				BEB11F6A1AA64EAD0079C277 /* Resources */,
				BEB11FA01AA655B30079C277 /* CopyFiles */,
			);
			buildRules = (
			);
			dependencies = (
			);
			name = RACLensesDemo;
			productName = RACLensesDemo;
			productReference = BEB11F6C1AA64EAD0079C277 /* RACLensesDemo.app */;
			productType = "com.apple.product-type.application";
		};
		E80FCD541A229C11006567BD /* RACLensesFramework */ = {
			isa = PBXNativeTarget;
			buildConfigurationList = E80FCD6B1A229C12006567BD /* Build configuration list for PBXNativeTarget "RACLensesFramework" */;
			buildPhases = (
				E80FCD501A229C11006567BD /* Sources */,
				E80FCD511A229C11006567BD /* Frameworks */,
				E80FCD521A229C11006567BD /* Headers */,
				E80FCD531A229C11006567BD /* Resources */,
			);
			buildRules = (
			);
			dependencies = (
			);
			name = RACLensesFramework;
			productName = RACLenses;
			productReference = E80FCD551A229C11006567BD /* RACLenses.framework */;
			productType = "com.apple.product-type.framework";
		};
/* End PBXNativeTarget section */

/* Begin PBXProject section */
		E80FCD4C1A229C11006567BD /* Project object */ = {
			isa = PBXProject;
			attributes = {
				LastUpgradeCheck = 0610;
				ORGANIZATIONNAME = "Tamas Lustyik";
				TargetAttributes = {
					BEB11F6B1AA64EAD0079C277 = {
						CreatedOnToolsVersion = 6.1.1;
					};
					E80FCD541A229C11006567BD = {
						CreatedOnToolsVersion = 6.1;
					};
				};
			};
			buildConfigurationList = E80FCD4F1A229C11006567BD /* Build configuration list for PBXProject "RACLenses" */;
			compatibilityVersion = "Xcode 3.2";
			developmentRegion = English;
			hasScannedForEncodings = 0;
			knownRegions = (
				en,
				Base,
			);
			mainGroup = E80FCD4B1A229C11006567BD;
			productRefGroup = E80FCD561A229C11006567BD /* Products */;
			projectDirPath = "";
			projectRoot = "";
			targets = (
				E80FCD541A229C11006567BD /* RACLensesFramework */,
				BEB11F6B1AA64EAD0079C277 /* RACLensesDemo */,
			);
		};
/* End PBXProject section */

/* Begin PBXResourcesBuildPhase section */
		BEB11F6A1AA64EAD0079C277 /* Resources */ = {
			isa = PBXResourcesBuildPhase;
			buildActionMask = 2147483647;
			files = (
				BEB11F761AA64EAD0079C277 /* Images.xcassets in Resources */,
				BEB11F791AA64EAD0079C277 /* MainMenu.xib in Resources */,
			);
			runOnlyForDeploymentPostprocessing = 0;
		};
		E80FCD531A229C11006567BD /* Resources */ = {
			isa = PBXResourcesBuildPhase;
			buildActionMask = 2147483647;
			files = (
			);
			runOnlyForDeploymentPostprocessing = 0;
		};
/* End PBXResourcesBuildPhase section */

/* Begin PBXSourcesBuildPhase section */
		BEB11F681AA64EAD0079C277 /* Sources */ = {
			isa = PBXSourcesBuildPhase;
			buildActionMask = 2147483647;
			files = (
				BEB11F741AA64EAD0079C277 /* main.m in Sources */,
				BEB11F901AA652DB0079C277 /* RACStream+Lenses.m in Sources */,
				BEB11F721AA64EAD0079C277 /* AppDelegate.m in Sources */,
			);
			runOnlyForDeploymentPostprocessing = 0;
		};
		E80FCD501A229C11006567BD /* Sources */ = {
			isa = PBXSourcesBuildPhase;
			buildActionMask = 2147483647;
			files = (
				E85615F61A2668AB003FD178 /* RACStream+Lenses.m in Sources */,
			);
			runOnlyForDeploymentPostprocessing = 0;
		};
/* End PBXSourcesBuildPhase section */

/* Begin PBXVariantGroup section */
		BEB11F771AA64EAD0079C277 /* MainMenu.xib */ = {
			isa = PBXVariantGroup;
			children = (
				BEB11F781AA64EAD0079C277 /* Base */,
			);
			name = MainMenu.xib;
			sourceTree = "<group>";
		};
/* End PBXVariantGroup section */

/* Begin XCBuildConfiguration section */
		BEB11F871AA64EAD0079C277 /* Debug */ = {
			isa = XCBuildConfiguration;
			buildSettings = {
				ASSETCATALOG_COMPILER_APPICON_NAME = AppIcon;
				CODE_SIGN_IDENTITY = "-";
				COMBINE_HIDPI_IMAGES = YES;
				FRAMEWORK_SEARCH_PATHS = (
					"$(inherited)",
					"$(SRCROOT)/../External",
				);
				GCC_PREPROCESSOR_DEFINITIONS = (
					"DEBUG=1",
					"$(inherited)",
				);
				INFOPLIST_FILE = RACLensesDemo/Info.plist;
				LD_RUNPATH_SEARCH_PATHS = "$(inherited) @executable_path/../Frameworks";
				PRODUCT_NAME = "$(TARGET_NAME)";
			};
			name = Debug;
		};
		BEB11F881AA64EAD0079C277 /* Release */ = {
			isa = XCBuildConfiguration;
			buildSettings = {
				ASSETCATALOG_COMPILER_APPICON_NAME = AppIcon;
				CODE_SIGN_IDENTITY = "-";
				COMBINE_HIDPI_IMAGES = YES;
				FRAMEWORK_SEARCH_PATHS = (
					"$(inherited)",
					"$(SRCROOT)/../External",
				);
				INFOPLIST_FILE = RACLensesDemo/Info.plist;
				LD_RUNPATH_SEARCH_PATHS = "$(inherited) @executable_path/../Frameworks";
				PRODUCT_NAME = "$(TARGET_NAME)";
			};
			name = Release;
		};
		E80FCD691A229C12006567BD /* Debug */ = {
			isa = XCBuildConfiguration;
			buildSettings = {
				ALWAYS_SEARCH_USER_PATHS = NO;
				CLANG_CXX_LANGUAGE_STANDARD = "gnu++0x";
				CLANG_CXX_LIBRARY = "libc++";
				CLANG_ENABLE_MODULES = YES;
				CLANG_ENABLE_OBJC_ARC = YES;
				CLANG_WARN_BOOL_CONVERSION = YES;
				CLANG_WARN_CONSTANT_CONVERSION = YES;
				CLANG_WARN_DIRECT_OBJC_ISA_USAGE = YES_ERROR;
				CLANG_WARN_EMPTY_BODY = YES;
				CLANG_WARN_ENUM_CONVERSION = YES;
				CLANG_WARN_INT_CONVERSION = YES;
				CLANG_WARN_OBJC_ROOT_CLASS = YES_ERROR;
				CLANG_WARN_UNREACHABLE_CODE = YES;
				CLANG_WARN__DUPLICATE_METHOD_MATCH = YES;
				COPY_PHASE_STRIP = NO;
				CURRENT_PROJECT_VERSION = 1;
				ENABLE_STRICT_OBJC_MSGSEND = YES;
				GCC_C_LANGUAGE_STANDARD = gnu99;
				GCC_DYNAMIC_NO_PIC = NO;
				GCC_OPTIMIZATION_LEVEL = 0;
				GCC_PREPROCESSOR_DEFINITIONS = (
					"DEBUG=1",
					"$(inherited)",
				);
				GCC_SYMBOLS_PRIVATE_EXTERN = NO;
				GCC_WARN_64_TO_32_BIT_CONVERSION = YES;
				GCC_WARN_ABOUT_RETURN_TYPE = YES_ERROR;
				GCC_WARN_UNDECLARED_SELECTOR = YES;
				GCC_WARN_UNINITIALIZED_AUTOS = YES_AGGRESSIVE;
				GCC_WARN_UNUSED_FUNCTION = YES;
				GCC_WARN_UNUSED_VARIABLE = YES;
				MACOSX_DEPLOYMENT_TARGET = 10.9;
				MTL_ENABLE_DEBUG_INFO = YES;
				ONLY_ACTIVE_ARCH = YES;
				SDKROOT = macosx;
				VERSIONING_SYSTEM = "apple-generic";
				VERSION_INFO_PREFIX = "";
			};
			name = Debug;
		};
		E80FCD6A1A229C12006567BD /* Release */ = {
			isa = XCBuildConfiguration;
			buildSettings = {
				ALWAYS_SEARCH_USER_PATHS = NO;
				CLANG_CXX_LANGUAGE_STANDARD = "gnu++0x";
				CLANG_CXX_LIBRARY = "libc++";
				CLANG_ENABLE_MODULES = YES;
				CLANG_ENABLE_OBJC_ARC = YES;
				CLANG_WARN_BOOL_CONVERSION = YES;
				CLANG_WARN_CONSTANT_CONVERSION = YES;
				CLANG_WARN_DIRECT_OBJC_ISA_USAGE = YES_ERROR;
				CLANG_WARN_EMPTY_BODY = YES;
				CLANG_WARN_ENUM_CONVERSION = YES;
				CLANG_WARN_INT_CONVERSION = YES;
				CLANG_WARN_OBJC_ROOT_CLASS = YES_ERROR;
				CLANG_WARN_UNREACHABLE_CODE = YES;
				CLANG_WARN__DUPLICATE_METHOD_MATCH = YES;
				COPY_PHASE_STRIP = YES;
				CURRENT_PROJECT_VERSION = 1;
				DEBUG_INFORMATION_FORMAT = "dwarf-with-dsym";
				ENABLE_NS_ASSERTIONS = NO;
				ENABLE_STRICT_OBJC_MSGSEND = YES;
				GCC_C_LANGUAGE_STANDARD = gnu99;
				GCC_WARN_64_TO_32_BIT_CONVERSION = YES;
				GCC_WARN_ABOUT_RETURN_TYPE = YES_ERROR;
				GCC_WARN_UNDECLARED_SELECTOR = YES;
				GCC_WARN_UNINITIALIZED_AUTOS = YES_AGGRESSIVE;
				GCC_WARN_UNUSED_FUNCTION = YES;
				GCC_WARN_UNUSED_VARIABLE = YES;
				MACOSX_DEPLOYMENT_TARGET = 10.9;
				MTL_ENABLE_DEBUG_INFO = NO;
				SDKROOT = macosx;
				VERSIONING_SYSTEM = "apple-generic";
				VERSION_INFO_PREFIX = "";
			};
			name = Release;
		};
		E80FCD6C1A229C12006567BD /* Debug */ = {
			isa = XCBuildConfiguration;
			buildSettings = {
				COMBINE_HIDPI_IMAGES = YES;
				DEFINES_MODULE = YES;
				DYLIB_COMPATIBILITY_VERSION = 1;
				DYLIB_CURRENT_VERSION = 1;
				DYLIB_INSTALL_NAME_BASE = "@rpath";
				FRAMEWORK_SEARCH_PATHS = (
					"$(inherited)",
					"$(SRCROOT)/../External",
				);
				FRAMEWORK_VERSION = A;
				INFOPLIST_FILE = RACLenses/Info.plist;
				INSTALL_PATH = "$(LOCAL_LIBRARY_DIR)/Frameworks";
				LD_RUNPATH_SEARCH_PATHS = "$(inherited) @executable_path/../Frameworks @loader_path/Frameworks";
				PRODUCT_NAME = RACLenses;
				SKIP_INSTALL = YES;
			};
			name = Debug;
		};
		E80FCD6D1A229C12006567BD /* Release */ = {
			isa = XCBuildConfiguration;
			buildSettings = {
				COMBINE_HIDPI_IMAGES = YES;
				DEFINES_MODULE = YES;
				DYLIB_COMPATIBILITY_VERSION = 1;
				DYLIB_CURRENT_VERSION = 1;
				DYLIB_INSTALL_NAME_BASE = "@rpath";
				FRAMEWORK_SEARCH_PATHS = (
					"$(inherited)",
					"$(SRCROOT)/../External",
				);
				FRAMEWORK_VERSION = A;
				INFOPLIST_FILE = RACLenses/Info.plist;
				INSTALL_PATH = "$(LOCAL_LIBRARY_DIR)/Frameworks";
				LD_RUNPATH_SEARCH_PATHS = "$(inherited) @executable_path/../Frameworks @loader_path/Frameworks";
				PRODUCT_NAME = RACLenses;
				SKIP_INSTALL = YES;
			};
			name = Release;
		};
/* End XCBuildConfiguration section */

/* Begin XCConfigurationList section */
		BEB11F861AA64EAD0079C277 /* Build configuration list for PBXNativeTarget "RACLensesDemo" */ = {
			isa = XCConfigurationList;
			buildConfigurations = (
				BEB11F871AA64EAD0079C277 /* Debug */,
				BEB11F881AA64EAD0079C277 /* Release */,
			);
			defaultConfigurationIsVisible = 0;
		};
		E80FCD4F1A229C11006567BD /* Build configuration list for PBXProject "RACLenses" */ = {
			isa = XCConfigurationList;
			buildConfigurations = (
				E80FCD691A229C12006567BD /* Debug */,
				E80FCD6A1A229C12006567BD /* Release */,
			);
			defaultConfigurationIsVisible = 0;
			defaultConfigurationName = Release;
		};
		E80FCD6B1A229C12006567BD /* Build configuration list for PBXNativeTarget "RACLensesFramework" */ = {
			isa = XCConfigurationList;
			buildConfigurations = (
				E80FCD6C1A229C12006567BD /* Debug */,
				E80FCD6D1A229C12006567BD /* Release */,
			);
			defaultConfigurationIsVisible = 0;
			defaultConfigurationName = Release;
		};
/* End XCConfigurationList section */
	};
	rootObject = E80FCD4C1A229C11006567BD /* Project object */;
}
