// !$*UTF8*$!
{
	archiveVersion = 1;
	classes = {
	};
	objectVersion = 46;
	objects = {

/* Begin PBXBuildFile section */
		E80FCCD81A2136C1006567BD /* SetLens.m in Sources */ = {isa = PBXBuildFile; fileRef = E80FCCD71A2136C1006567BD /* SetLens.m */; };
		E80FCCDB1A213A69006567BD /* DictionaryLens.m in Sources */ = {isa = PBXBuildFile; fileRef = E80FCCDA1A213A69006567BD /* DictionaryLens.m */; };
		E81D6CBE1A17FEED00ACA39D /* main.m in Sources */ = {isa = PBXBuildFile; fileRef = E81D6CBD1A17FEED00ACA39D /* main.m */; };
		E82BB61A1A18EAEA00A41482 /* Lens.m in Sources */ = {isa = PBXBuildFile; fileRef = E82BB6191A18EAEA00A41482 /* Lens.m */; };
		E82BB61D1A18EB0800A41482 /* CompositeLens.m in Sources */ = {isa = PBXBuildFile; fileRef = E82BB61C1A18EB0800A41482 /* CompositeLens.m */; };
		E82BB6201A18EB6F00A41482 /* KVCLens.m in Sources */ = {isa = PBXBuildFile; fileRef = E82BB61F1A18EB6F00A41482 /* KVCLens.m */; };
		E82BB6231A18EC1C00A41482 /* ArrayItemLens.m in Sources */ = {isa = PBXBuildFile; fileRef = E82BB6221A18EC1C00A41482 /* ArrayItemLens.m */; };
		E82BB6291A19040A00A41482 /* StructLens.m in Sources */ = {isa = PBXBuildFile; fileRef = E82BB6281A19040A00A41482 /* StructLens.m */; };
		E84E42181A1921D6008F1A87 /* PersonExample.m in Sources */ = {isa = PBXBuildFile; fileRef = E84E42171A1921D6008F1A87 /* PersonExample.m */; };
/* End PBXBuildFile section */

/* Begin PBXCopyFilesBuildPhase section */
		E81D6CB81A17FEED00ACA39D /* CopyFiles */ = {
			isa = PBXCopyFilesBuildPhase;
			buildActionMask = 2147483647;
			dstPath = /usr/share/man/man1/;
			dstSubfolderSpec = 0;
			files = (
			);
			runOnlyForDeploymentPostprocessing = 1;
		};
/* End PBXCopyFilesBuildPhase section */

/* Begin PBXFileReference section */
		E80FCCD61A2136C1006567BD /* SetLens.h */ = {isa = PBXFileReference; fileEncoding = 4; lastKnownFileType = sourcecode.c.h; path = SetLens.h; sourceTree = "<group>"; };
		E80FCCD71A2136C1006567BD /* SetLens.m */ = {isa = PBXFileReference; fileEncoding = 4; lastKnownFileType = sourcecode.c.objc; path = SetLens.m; sourceTree = "<group>"; };
		E80FCCD91A213A69006567BD /* DictionaryLens.h */ = {isa = PBXFileReference; fileEncoding = 4; lastKnownFileType = sourcecode.c.h; path = DictionaryLens.h; sourceTree = "<group>"; };
		E80FCCDA1A213A69006567BD /* DictionaryLens.m */ = {isa = PBXFileReference; fileEncoding = 4; lastKnownFileType = sourcecode.c.objc; path = DictionaryLens.m; sourceTree = "<group>"; };
		E81D6CBA1A17FEED00ACA39D /* ObjCLenses */ = {isa = PBXFileReference; explicitFileType = "compiled.mach-o.executable"; includeInIndex = 0; path = ObjCLenses; sourceTree = BUILT_PRODUCTS_DIR; };
		E81D6CBD1A17FEED00ACA39D /* main.m */ = {isa = PBXFileReference; lastKnownFileType = sourcecode.c.objc; path = main.m; sourceTree = "<group>"; };
		E82BB6181A18EAEA00A41482 /* Lens.h */ = {isa = PBXFileReference; fileEncoding = 4; lastKnownFileType = sourcecode.c.h; path = Lens.h; sourceTree = "<group>"; };
		E82BB6191A18EAEA00A41482 /* Lens.m */ = {isa = PBXFileReference; fileEncoding = 4; lastKnownFileType = sourcecode.c.objc; path = Lens.m; sourceTree = "<group>"; };
		E82BB61B1A18EB0800A41482 /* CompositeLens.h */ = {isa = PBXFileReference; fileEncoding = 4; lastKnownFileType = sourcecode.c.h; path = CompositeLens.h; sourceTree = "<group>"; };
		E82BB61C1A18EB0800A41482 /* CompositeLens.m */ = {isa = PBXFileReference; fileEncoding = 4; lastKnownFileType = sourcecode.c.objc; path = CompositeLens.m; sourceTree = "<group>"; };
		E82BB61E1A18EB6F00A41482 /* KVCLens.h */ = {isa = PBXFileReference; fileEncoding = 4; lastKnownFileType = sourcecode.c.h; path = KVCLens.h; sourceTree = "<group>"; };
		E82BB61F1A18EB6F00A41482 /* KVCLens.m */ = {isa = PBXFileReference; fileEncoding = 4; lastKnownFileType = sourcecode.c.objc; path = KVCLens.m; sourceTree = "<group>"; };
		E82BB6211A18EC1C00A41482 /* ArrayItemLens.h */ = {isa = PBXFileReference; fileEncoding = 4; lastKnownFileType = sourcecode.c.h; path = ArrayItemLens.h; sourceTree = "<group>"; };
		E82BB6221A18EC1C00A41482 /* ArrayItemLens.m */ = {isa = PBXFileReference; fileEncoding = 4; lastKnownFileType = sourcecode.c.objc; path = ArrayItemLens.m; sourceTree = "<group>"; };
		E82BB6271A19040A00A41482 /* StructLens.h */ = {isa = PBXFileReference; fileEncoding = 4; lastKnownFileType = sourcecode.c.h; path = StructLens.h; sourceTree = "<group>"; };
		E82BB6281A19040A00A41482 /* StructLens.m */ = {isa = PBXFileReference; fileEncoding = 4; lastKnownFileType = sourcecode.c.objc; path = StructLens.m; sourceTree = "<group>"; };
		E84E42161A1921D6008F1A87 /* PersonExample.h */ = {isa = PBXFileReference; fileEncoding = 4; lastKnownFileType = sourcecode.c.h; path = PersonExample.h; sourceTree = "<group>"; };
		E84E42171A1921D6008F1A87 /* PersonExample.m */ = {isa = PBXFileReference; fileEncoding = 4; lastKnownFileType = sourcecode.c.objc; path = PersonExample.m; sourceTree = "<group>"; };
/* End PBXFileReference section */

/* Begin PBXFrameworksBuildPhase section */
		E81D6CB71A17FEED00ACA39D /* Frameworks */ = {
			isa = PBXFrameworksBuildPhase;
			buildActionMask = 2147483647;
			files = (
			);
			runOnlyForDeploymentPostprocessing = 0;
		};
/* End PBXFrameworksBuildPhase section */

/* Begin PBXGroup section */
		E81D6CB11A17FEED00ACA39D = {
			isa = PBXGroup;
			children = (
				E84E42151A1921C0008F1A87 /* Examples */,
				E81D6CBC1A17FEED00ACA39D /* ObjCLenses */,
				E81D6CBB1A17FEED00ACA39D /* Products */,
			);
			sourceTree = "<group>";
		};
		E81D6CBB1A17FEED00ACA39D /* Products */ = {
			isa = PBXGroup;
			children = (
				E81D6CBA1A17FEED00ACA39D /* ObjCLenses */,
			);
			name = Products;
			sourceTree = "<group>";
		};
		E81D6CBC1A17FEED00ACA39D /* ObjCLenses */ = {
			isa = PBXGroup;
			children = (
				E82BB6211A18EC1C00A41482 /* ArrayItemLens.h */,
				E82BB6221A18EC1C00A41482 /* ArrayItemLens.m */,
				E82BB61B1A18EB0800A41482 /* CompositeLens.h */,
				E82BB61C1A18EB0800A41482 /* CompositeLens.m */,
				E80FCCD91A213A69006567BD /* DictionaryLens.h */,
				E80FCCDA1A213A69006567BD /* DictionaryLens.m */,
				E82BB61E1A18EB6F00A41482 /* KVCLens.h */,
				E82BB61F1A18EB6F00A41482 /* KVCLens.m */,
				E82BB6181A18EAEA00A41482 /* Lens.h */,
				E82BB6191A18EAEA00A41482 /* Lens.m */,
				E81D6CBD1A17FEED00ACA39D /* main.m */,
				E80FCCD61A2136C1006567BD /* SetLens.h */,
				E80FCCD71A2136C1006567BD /* SetLens.m */,
				E82BB6271A19040A00A41482 /* StructLens.h */,
				E82BB6281A19040A00A41482 /* StructLens.m */,
			);
			path = ObjCLenses;
			sourceTree = "<group>";
		};
		E84E42151A1921C0008F1A87 /* Examples */ = {
			isa = PBXGroup;
			children = (
				E84E42161A1921D6008F1A87 /* PersonExample.h */,
				E84E42171A1921D6008F1A87 /* PersonExample.m */,
			);
			path = Examples;
			sourceTree = "<group>";
		};
/* End PBXGroup section */

/* Begin PBXNativeTarget section */
		E81D6CB91A17FEED00ACA39D /* ObjCLenses */ = {
			isa = PBXNativeTarget;
			buildConfigurationList = E81D6CC11A17FEED00ACA39D /* Build configuration list for PBXNativeTarget "ObjCLenses" */;
			buildPhases = (
				E81D6CB61A17FEED00ACA39D /* Sources */,
				E81D6CB71A17FEED00ACA39D /* Frameworks */,
				E81D6CB81A17FEED00ACA39D /* CopyFiles */,
			);
			buildRules = (
			);
			dependencies = (
			);
			name = ObjCLenses;
			productName = ObjCLenses;
			productReference = E81D6CBA1A17FEED00ACA39D /* ObjCLenses */;
			productType = "com.apple.product-type.tool";
		};
/* End PBXNativeTarget section */

/* Begin PBXProject section */
		E81D6CB21A17FEED00ACA39D /* Project object */ = {
			isa = PBXProject;
			attributes = {
				LastUpgradeCheck = 0610;
				ORGANIZATIONNAME = "Tamas Lustyik";
				TargetAttributes = {
					E81D6CB91A17FEED00ACA39D = {
						CreatedOnToolsVersion = 6.1;
					};
				};
			};
			buildConfigurationList = E81D6CB51A17FEED00ACA39D /* Build configuration list for PBXProject "ObjCLenses" */;
			compatibilityVersion = "Xcode 3.2";
			developmentRegion = English;
			hasScannedForEncodings = 0;
			knownRegions = (
				en,
			);
			mainGroup = E81D6CB11A17FEED00ACA39D;
			productRefGroup = E81D6CBB1A17FEED00ACA39D /* Products */;
			projectDirPath = "";
			projectRoot = "";
			targets = (
				E81D6CB91A17FEED00ACA39D /* ObjCLenses */,
			);
		};
/* End PBXProject section */

/* Begin PBXSourcesBuildPhase section */
		E81D6CB61A17FEED00ACA39D /* Sources */ = {
			isa = PBXSourcesBuildPhase;
			buildActionMask = 2147483647;
			files = (
				E81D6CBE1A17FEED00ACA39D /* main.m in Sources */,
				E82BB6231A18EC1C00A41482 /* ArrayItemLens.m in Sources */,
				E80FCCD81A2136C1006567BD /* SetLens.m in Sources */,
				E82BB61D1A18EB0800A41482 /* CompositeLens.m in Sources */,
				E82BB6201A18EB6F00A41482 /* KVCLens.m in Sources */,
				E82BB6291A19040A00A41482 /* StructLens.m in Sources */,
				E80FCCDB1A213A69006567BD /* DictionaryLens.m in Sources */,
				E84E42181A1921D6008F1A87 /* PersonExample.m in Sources */,
				E82BB61A1A18EAEA00A41482 /* Lens.m in Sources */,
			);
			runOnlyForDeploymentPostprocessing = 0;
		};
/* End PBXSourcesBuildPhase section */

/* Begin XCBuildConfiguration section */
		E81D6CBF1A17FEED00ACA39D /* Debug */ = {
			isa = XCBuildConfiguration;
			buildSettings = {
				ALWAYS_SEARCH_USER_PATHS = NO;
				CLANG_CXX_LANGUAGE_STANDARD = "gnu++0x";
				CLANG_CXX_LIBRARY = "libc++";
				CLANG_ENABLE_MODULES = YES;
				CLANG_ENABLE_OBJC_ARC = YES;
				CLANG_WARN_BOOL_CONVERSION = YES;
				CLANG_WARN_CONSTANT_CONVERSION = YES;
				CLANG_WARN_DIRECT_OBJC_ISA_USAGE = YES_ERROR;
				CLANG_WARN_EMPTY_BODY = YES;
				CLANG_WARN_ENUM_CONVERSION = YES;
				CLANG_WARN_INT_CONVERSION = YES;
				CLANG_WARN_OBJC_ROOT_CLASS = YES_ERROR;
				CLANG_WARN_UNREACHABLE_CODE = YES;
				CLANG_WARN__DUPLICATE_METHOD_MATCH = YES;
				COPY_PHASE_STRIP = NO;
				ENABLE_STRICT_OBJC_MSGSEND = YES;
				GCC_C_LANGUAGE_STANDARD = gnu99;
				GCC_DYNAMIC_NO_PIC = NO;
				GCC_OPTIMIZATION_LEVEL = 0;
				GCC_PREPROCESSOR_DEFINITIONS = (
					"DEBUG=1",
					"$(inherited)",
				);
				GCC_SYMBOLS_PRIVATE_EXTERN = NO;
				GCC_WARN_64_TO_32_BIT_CONVERSION = YES;
				GCC_WARN_ABOUT_RETURN_TYPE = YES_ERROR;
				GCC_WARN_UNDECLARED_SELECTOR = YES;
				GCC_WARN_UNINITIALIZED_AUTOS = YES_AGGRESSIVE;
				GCC_WARN_UNUSED_FUNCTION = YES;
				GCC_WARN_UNUSED_VARIABLE = YES;
				MACOSX_DEPLOYMENT_TARGET = 10.9;
				MTL_ENABLE_DEBUG_INFO = YES;
				ONLY_ACTIVE_ARCH = YES;
				SDKROOT = macosx;
			};
			name = Debug;
		};
		E81D6CC01A17FEED00ACA39D /* Release */ = {
			isa = XCBuildConfiguration;
			buildSettings = {
				ALWAYS_SEARCH_USER_PATHS = NO;
				CLANG_CXX_LANGUAGE_STANDARD = "gnu++0x";
				CLANG_CXX_LIBRARY = "libc++";
				CLANG_ENABLE_MODULES = YES;
				CLANG_ENABLE_OBJC_ARC = YES;
				CLANG_WARN_BOOL_CONVERSION = YES;
				CLANG_WARN_CONSTANT_CONVERSION = YES;
				CLANG_WARN_DIRECT_OBJC_ISA_USAGE = YES_ERROR;
				CLANG_WARN_EMPTY_BODY = YES;
				CLANG_WARN_ENUM_CONVERSION = YES;
				CLANG_WARN_INT_CONVERSION = YES;
				CLANG_WARN_OBJC_ROOT_CLASS = YES_ERROR;
				CLANG_WARN_UNREACHABLE_CODE = YES;
				CLANG_WARN__DUPLICATE_METHOD_MATCH = YES;
				COPY_PHASE_STRIP = YES;
				DEBUG_INFORMATION_FORMAT = "dwarf-with-dsym";
				ENABLE_NS_ASSERTIONS = NO;
				ENABLE_STRICT_OBJC_MSGSEND = YES;
				GCC_C_LANGUAGE_STANDARD = gnu99;
				GCC_WARN_64_TO_32_BIT_CONVERSION = YES;
				GCC_WARN_ABOUT_RETURN_TYPE = YES_ERROR;
				GCC_WARN_UNDECLARED_SELECTOR = YES;
				GCC_WARN_UNINITIALIZED_AUTOS = YES_AGGRESSIVE;
				GCC_WARN_UNUSED_FUNCTION = YES;
				GCC_WARN_UNUSED_VARIABLE = YES;
				MACOSX_DEPLOYMENT_TARGET = 10.9;
				MTL_ENABLE_DEBUG_INFO = NO;
				SDKROOT = macosx;
			};
			name = Release;
		};
		E81D6CC21A17FEED00ACA39D /* Debug */ = {
			isa = XCBuildConfiguration;
			buildSettings = {
				PRODUCT_NAME = "$(TARGET_NAME)";
			};
			name = Debug;
		};
		E81D6CC31A17FEED00ACA39D /* Release */ = {
			isa = XCBuildConfiguration;
			buildSettings = {
				PRODUCT_NAME = "$(TARGET_NAME)";
			};
			name = Release;
		};
/* End XCBuildConfiguration section */

/* Begin XCConfigurationList section */
		E81D6CB51A17FEED00ACA39D /* Build configuration list for PBXProject "ObjCLenses" */ = {
			isa = XCConfigurationList;
			buildConfigurations = (
				E81D6CBF1A17FEED00ACA39D /* Debug */,
				E81D6CC01A17FEED00ACA39D /* Release */,
			);
			defaultConfigurationIsVisible = 0;
			defaultConfigurationName = Release;
		};
		E81D6CC11A17FEED00ACA39D /* Build configuration list for PBXNativeTarget "ObjCLenses" */ = {
			isa = XCConfigurationList;
			buildConfigurations = (
				E81D6CC21A17FEED00ACA39D /* Debug */,
				E81D6CC31A17FEED00ACA39D /* Release */,
			);
			defaultConfigurationIsVisible = 0;
			defaultConfigurationName = Release;
		};
/* End XCConfigurationList section */
	};
	rootObject = E81D6CB21A17FEED00ACA39D /* Project object */;
}
